
Microsoft Visual Studio Solution File, Format Version 12.00
# Visual Studio Version 17
VisualStudioVersion = 17.11.35327.3
MinimumVisualStudioVersion = 10.0.40219.1
Project("{FAE04EC0-301F-11D3-BF4B-00C04F79EFBC}") = "vizsgaremek", "vizsgaremek\vizsgaremek.csproj", "{05605A88-D1BE-437D-86A8-A99E71DA6571}"
EndProject
Global
	GlobalSection(SolutionConfigurationPlatforms) = preSolution
		Debug|Any CPU = Debug|Any CPU
		Release|Any CPU = Release|Any CPU
	EndGlobalSection
	GlobalSection(ProjectConfigurationPlatforms) = postSolution
		{05605A88-D1BE-437D-86A8-A99E71DA6571}.Debug|Any CPU.ActiveCfg = Debug|Any CPU
		{05605A88-D1BE-437D-86A8-A99E71DA6571}.Debug|Any CPU.Build.0 = Debug|Any CPU
		{05605A88-D1BE-437D-86A8-A99E71DA6571}.Release|Any CPU.ActiveCfg = Release|Any CPU
		{05605A88-D1BE-437D-86A8-A99E71DA6571}.Release|Any CPU.Build.0 = Release|Any CPU
	EndGlobalSection
	GlobalSection(SolutionProperties) = preSolution
		HideSolutionNode = FALSE
	EndGlobalSection
	GlobalSection(ExtensibilityGlobals) = postSolution
		SolutionGuid = {18AC884D-A89C-4652-8BD3-F583FFAC8C0E}
	EndGlobalSection
EndGlobal
